// !$*UTF8*$!
{
	archiveVersion = 1;
	classes = {
	};
	objectVersion = 50;
	objects = {

/* Begin PBXBuildFile section */
		940446B32156106F0014326B /* SecondTableViewController.m in Sources */ = {isa = PBXBuildFile; fileRef = 940446B22156106F0014326B /* SecondTableViewController.m */; };
		940446B6215612650014326B /* CustomTableViewCell.m in Sources */ = {isa = PBXBuildFile; fileRef = 940446B5215612650014326B /* CustomTableViewCell.m */; };
		943D99202151088300810413 /* AppDelegate.m in Sources */ = {isa = PBXBuildFile; fileRef = 943D991F2151088300810413 /* AppDelegate.m */; };
		943D99282151088500810413 /* Assets.xcassets in Resources */ = {isa = PBXBuildFile; fileRef = 943D99272151088500810413 /* Assets.xcassets */; };
		943D992B2151088500810413 /* LaunchScreen.storyboard in Resources */ = {isa = PBXBuildFile; fileRef = 943D99292151088500810413 /* LaunchScreen.storyboard */; };
		943D992E2151088500810413 /* main.m in Sources */ = {isa = PBXBuildFile; fileRef = 943D992D2151088500810413 /* main.m */; };
		943D994721510B6900810413 /* Default-568h@2x.png in Resources */ = {isa = PBXBuildFile; fileRef = 943D994621510B6900810413 /* Default-568h@2x.png */; };
		943D994C2151120D00810413 /* FirstViewController.m in Sources */ = {isa = PBXBuildFile; fileRef = 943D994B2151120D00810413 /* FirstViewController.m */; };
		943D994F2151121C00810413 /* ThirdDetailViewController.m in Sources */ = {isa = PBXBuildFile; fileRef = 943D994E2151121C00810413 /* ThirdDetailViewController.m */; };
		94C190952156882B00CE8140 /* Images.bundle in Resources */ = {isa = PBXBuildFile; fileRef = 94C190942156882B00CE8140 /* Images.bundle */; };
/* End PBXBuildFile section */

/* Begin PBXContainerItemProxy section */
		943D99342151088500810413 /* PBXContainerItemProxy */ = {
			isa = PBXContainerItemProxy;
			containerPortal = 943D99132151088300810413 /* Project object */;
			proxyType = 1;
			remoteGlobalIDString = 943D991A2151088300810413;
			remoteInfo = FindAirTickets;
		};
/* End PBXContainerItemProxy section */

/* Begin PBXFileReference section */
		940446B12156106F0014326B /* SecondTableViewController.h */ = {isa = PBXFileReference; lastKnownFileType = sourcecode.c.h; path = SecondTableViewController.h; sourceTree = "<group>"; };
		940446B22156106F0014326B /* SecondTableViewController.m */ = {isa = PBXFileReference; lastKnownFileType = sourcecode.c.objc; path = SecondTableViewController.m; sourceTree = "<group>"; };
		940446B4215612650014326B /* CustomTableViewCell.h */ = {isa = PBXFileReference; lastKnownFileType = sourcecode.c.h; path = CustomTableViewCell.h; sourceTree = "<group>"; };
		940446B5215612650014326B /* CustomTableViewCell.m */ = {isa = PBXFileReference; lastKnownFileType = sourcecode.c.objc; path = CustomTableViewCell.m; sourceTree = "<group>"; };
		943D991B2151088300810413 /* FindAirTickets.app */ = {isa = PBXFileReference; explicitFileType = wrapper.application; includeInIndex = 0; path = FindAirTickets.app; sourceTree = BUILT_PRODUCTS_DIR; };
		943D991E2151088300810413 /* AppDelegate.h */ = {isa = PBXFileReference; lastKnownFileType = sourcecode.c.h; path = AppDelegate.h; sourceTree = "<group>"; };
		943D991F2151088300810413 /* AppDelegate.m */ = {isa = PBXFileReference; lastKnownFileType = sourcecode.c.objc; path = AppDelegate.m; sourceTree = "<group>"; };
		943D99272151088500810413 /* Assets.xcassets */ = {isa = PBXFileReference; lastKnownFileType = folder.assetcatalog; path = Assets.xcassets; sourceTree = "<group>"; };
		943D992A2151088500810413 /* Base */ = {isa = PBXFileReference; lastKnownFileType = file.storyboard; name = Base; path = Base.lproj/LaunchScreen.storyboard; sourceTree = "<group>"; };
		943D992C2151088500810413 /* Info.plist */ = {isa = PBXFileReference; lastKnownFileType = text.plist.xml; path = Info.plist; sourceTree = "<group>"; };
		943D992D2151088500810413 /* main.m */ = {isa = PBXFileReference; lastKnownFileType = sourcecode.c.objc; path = main.m; sourceTree = "<group>"; };
		943D99332151088500810413 /* FindAirTicketsTests.xctest */ = {isa = PBXFileReference; explicitFileType = wrapper.cfbundle; includeInIndex = 0; path = FindAirTicketsTests.xctest; sourceTree = BUILT_PRODUCTS_DIR; };
		943D994621510B6900810413 /* Default-568h@2x.png */ = {isa = PBXFileReference; lastKnownFileType = image.png; path = "Default-568h@2x.png"; sourceTree = "<group>"; };
		943D994A2151120D00810413 /* FirstViewController.h */ = {isa = PBXFileReference; lastKnownFileType = sourcecode.c.h; path = FirstViewController.h; sourceTree = "<group>"; };
		943D994B2151120D00810413 /* FirstViewController.m */ = {isa = PBXFileReference; lastKnownFileType = sourcecode.c.objc; path = FirstViewController.m; sourceTree = "<group>"; };
		943D994D2151121C00810413 /* ThirdDetailViewController.h */ = {isa = PBXFileReference; lastKnownFileType = sourcecode.c.h; path = ThirdDetailViewController.h; sourceTree = "<group>"; };
		943D994E2151121C00810413 /* ThirdDetailViewController.m */ = {isa = PBXFileReference; lastKnownFileType = sourcecode.c.objc; path = ThirdDetailViewController.m; sourceTree = "<group>"; };
		94C190942156882B00CE8140 /* Images.bundle */ = {isa = PBXFileReference; lastKnownFileType = "wrapper.plug-in"; path = Images.bundle; sourceTree = "<group>"; };
/* End PBXFileReference section */

/* Begin PBXFrameworksBuildPhase section */
		943D99182151088300810413 /* Frameworks */ = {
			isa = PBXFrameworksBuildPhase;
			buildActionMask = 2147483647;
			files = (
			);
			runOnlyForDeploymentPostprocessing = 0;
		};
		943D99302151088500810413 /* Frameworks */ = {
			isa = PBXFrameworksBuildPhase;
			buildActionMask = 2147483647;
			files = (
			);
			runOnlyForDeploymentPostprocessing = 0;
		};
/* End PBXFrameworksBuildPhase section */

/* Begin PBXGroup section */
		943D99122151088300810413 = {
			isa = PBXGroup;
			children = (
				943D994621510B6900810413 /* Default-568h@2x.png */,
				943D991D2151088300810413 /* FindAirTickets */,
				943D991C2151088300810413 /* Products */,
			);
			sourceTree = "<group>";
		};
		943D991C2151088300810413 /* Products */ = {
			isa = PBXGroup;
			children = (
				943D991B2151088300810413 /* FindAirTickets.app */,
				943D99332151088500810413 /* FindAirTicketsTests.xctest */,
			);
			name = Products;
			sourceTree = "<group>";
		};
		943D991D2151088300810413 /* FindAirTickets */ = {
			isa = PBXGroup;
			children = (
				943D99432151091800810413 /* App */,
				943D994521510A7C00810413 /* Environments */,
				943D99442151093D00810413 /* Flow */,
				943D9942215108E000810413 /* Resources */,
			);
			path = FindAirTickets;
			sourceTree = "<group>";
		};
		943D9942215108E000810413 /* Resources */ = {
			isa = PBXGroup;
			children = (
				94C190942156882B00CE8140 /* Images.bundle */,
				943D99272151088500810413 /* Assets.xcassets */,
			);
			path = Resources;
			sourceTree = "<group>";
		};
		943D99432151091800810413 /* App */ = {
			isa = PBXGroup;
			children = (
				943D991E2151088300810413 /* AppDelegate.h */,
				943D991F2151088300810413 /* AppDelegate.m */,
			);
			path = App;
			sourceTree = "<group>";
		};
		943D99442151093D00810413 /* Flow */ = {
			isa = PBXGroup;
			children = (
				943D994A2151120D00810413 /* FirstViewController.h */,
				943D994B2151120D00810413 /* FirstViewController.m */,
				940446B12156106F0014326B /* SecondTableViewController.h */,
				940446B22156106F0014326B /* SecondTableViewController.m */,
				943D994D2151121C00810413 /* ThirdDetailViewController.h */,
				943D994E2151121C00810413 /* ThirdDetailViewController.m */,
				940446B4215612650014326B /* CustomTableViewCell.h */,
				940446B5215612650014326B /* CustomTableViewCell.m */,
			);
			path = Flow;
			sourceTree = "<group>";
		};
		943D994521510A7C00810413 /* Environments */ = {
			isa = PBXGroup;
			children = (
				943D99292151088500810413 /* LaunchScreen.storyboard */,
				943D992D2151088500810413 /* main.m */,
				943D992C2151088500810413 /* Info.plist */,
			);
			path = Environments;
			sourceTree = "<group>";
		};
/* End PBXGroup section */

/* Begin PBXNativeTarget section */
		943D991A2151088300810413 /* FindAirTickets */ = {
			isa = PBXNativeTarget;
			buildConfigurationList = 943D993C2151088500810413 /* Build configuration list for PBXNativeTarget "FindAirTickets" */;
			buildPhases = (
				943D99172151088300810413 /* Sources */,
				943D99182151088300810413 /* Frameworks */,
				943D99192151088300810413 /* Resources */,
			);
			buildRules = (
			);
			dependencies = (
			);
			name = FindAirTickets;
			productName = FindAirTickets;
			productReference = 943D991B2151088300810413 /* FindAirTickets.app */;
			productType = "com.apple.product-type.application";
		};
		943D99322151088500810413 /* FindAirTicketsTests */ = {
			isa = PBXNativeTarget;
			buildConfigurationList = 943D993F2151088500810413 /* Build configuration list for PBXNativeTarget "FindAirTicketsTests" */;
			buildPhases = (
				943D992F2151088500810413 /* Sources */,
				943D99302151088500810413 /* Frameworks */,
				943D99312151088500810413 /* Resources */,
			);
			buildRules = (
			);
			dependencies = (
				943D99352151088500810413 /* PBXTargetDependency */,
			);
			name = FindAirTicketsTests;
			productName = FindAirTicketsTests;
			productReference = 943D99332151088500810413 /* FindAirTicketsTests.xctest */;
			productType = "com.apple.product-type.bundle.unit-test";
		};
/* End PBXNativeTarget section */

/* Begin PBXProject section */
		943D99132151088300810413 /* Project object */ = {
			isa = PBXProject;
			attributes = {
				LastUpgradeCheck = 0940;
				ORGANIZATIONNAME = "Maxim Tolstikov";
				TargetAttributes = {
					943D991A2151088300810413 = {
						CreatedOnToolsVersion = 9.4.1;
						LastSwiftMigration = 0940;
					};
					943D99322151088500810413 = {
						CreatedOnToolsVersion = 9.4.1;
						TestTargetID = 943D991A2151088300810413;
					};
				};
			};
			buildConfigurationList = 943D99162151088300810413 /* Build configuration list for PBXProject "FindAirTickets" */;
			compatibilityVersion = "Xcode 9.3";
			developmentRegion = en;
			hasScannedForEncodings = 0;
			knownRegions = (
				en,
				Base,
			);
			mainGroup = 943D99122151088300810413;
			productRefGroup = 943D991C2151088300810413 /* Products */;
			projectDirPath = "";
			projectRoot = "";
			targets = (
				943D991A2151088300810413 /* FindAirTickets */,
				943D99322151088500810413 /* FindAirTicketsTests */,
			);
		};
/* End PBXProject section */

/* Begin PBXResourcesBuildPhase section */
		943D99192151088300810413 /* Resources */ = {
			isa = PBXResourcesBuildPhase;
			buildActionMask = 2147483647;
			files = (
				943D992B2151088500810413 /* LaunchScreen.storyboard in Resources */,
				943D99282151088500810413 /* Assets.xcassets in Resources */,
				943D994721510B6900810413 /* Default-568h@2x.png in Resources */,
				94C190952156882B00CE8140 /* Images.bundle in Resources */,
			);
			runOnlyForDeploymentPostprocessing = 0;
		};
		943D99312151088500810413 /* Resources */ = {
			isa = PBXResourcesBuildPhase;
			buildActionMask = 2147483647;
			files = (
			);
			runOnlyForDeploymentPostprocessing = 0;
		};
/* End PBXResourcesBuildPhase section */

/* Begin PBXSourcesBuildPhase section */
		943D99172151088300810413 /* Sources */ = {
			isa = PBXSourcesBuildPhase;
			buildActionMask = 2147483647;
			files = (
				943D994F2151121C00810413 /* ThirdDetailViewController.m in Sources */,
				940446B6215612650014326B /* CustomTableViewCell.m in Sources */,
				943D992E2151088500810413 /* main.m in Sources */,
				943D994C2151120D00810413 /* FirstViewController.m in Sources */,
				943D99202151088300810413 /* AppDelegate.m in Sources */,
				940446B32156106F0014326B /* SecondTableViewController.m in Sources */,
			);
			runOnlyForDeploymentPostprocessing = 0;
		};
		943D992F2151088500810413 /* Sources */ = {
			isa = PBXSourcesBuildPhase;
			buildActionMask = 2147483647;
			files = (
			);
			runOnlyForDeploymentPostprocessing = 0;
		};
/* End PBXSourcesBuildPhase section */

/* Begin PBXTargetDependency section */
		943D99352151088500810413 /* PBXTargetDependency */ = {
			isa = PBXTargetDependency;
			target = 943D991A2151088300810413 /* FindAirTickets */;
			targetProxy = 943D99342151088500810413 /* PBXContainerItemProxy */;
		};
/* End PBXTargetDependency section */

/* Begin PBXVariantGroup section */
		943D99292151088500810413 /* LaunchScreen.storyboard */ = {
			isa = PBXVariantGroup;
			children = (
				943D992A2151088500810413 /* Base */,
			);
			name = LaunchScreen.storyboard;
			sourceTree = "<group>";
		};
/* End PBXVariantGroup section */

/* Begin XCBuildConfiguration section */
		943D993A2151088500810413 /* Debug */ = {
			isa = XCBuildConfiguration;
			buildSettings = {
				ALWAYS_SEARCH_USER_PATHS = NO;
				CLANG_ANALYZER_NONNULL = YES;
				CLANG_ANALYZER_NUMBER_OBJECT_CONVERSION = YES_AGGRESSIVE;
				CLANG_CXX_LANGUAGE_STANDARD = "gnu++14";
				CLANG_CXX_LIBRARY = "libc++";
				CLANG_ENABLE_MODULES = YES;
				CLANG_ENABLE_OBJC_ARC = YES;
				CLANG_ENABLE_OBJC_WEAK = YES;
				CLANG_WARN_BLOCK_CAPTURE_AUTORELEASING = YES;
				CLANG_WARN_BOOL_CONVERSION = YES;
				CLANG_WARN_COMMA = YES;
				CLANG_WARN_CONSTANT_CONVERSION = YES;
				CLANG_WARN_DEPRECATED_OBJC_IMPLEMENTATIONS = YES;
				CLANG_WARN_DIRECT_OBJC_ISA_USAGE = YES_ERROR;
				CLANG_WARN_DOCUMENTATION_COMMENTS = YES;
				CLANG_WARN_EMPTY_BODY = YES;
				CLANG_WARN_ENUM_CONVERSION = YES;
				CLANG_WARN_INFINITE_RECURSION = YES;
				CLANG_WARN_INT_CONVERSION = YES;
				CLANG_WARN_NON_LITERAL_NULL_CONVERSION = YES;
				CLANG_WARN_OBJC_IMPLICIT_RETAIN_SELF = YES;
				CLANG_WARN_OBJC_LITERAL_CONVERSION = YES;
				CLANG_WARN_OBJC_ROOT_CLASS = YES_ERROR;
				CLANG_WARN_RANGE_LOOP_ANALYSIS = YES;
				CLANG_WARN_STRICT_PROTOTYPES = YES;
				CLANG_WARN_SUSPICIOUS_MOVE = YES;
				CLANG_WARN_UNGUARDED_AVAILABILITY = YES_AGGRESSIVE;
				CLANG_WARN_UNREACHABLE_CODE = YES;
				CLANG_WARN__DUPLICATE_METHOD_MATCH = YES;
				CODE_SIGN_IDENTITY = "iPhone Developer";
				COPY_PHASE_STRIP = NO;
				DEBUG_INFORMATION_FORMAT = dwarf;
				ENABLE_STRICT_OBJC_MSGSEND = YES;
				ENABLE_TESTABILITY = YES;
				GCC_C_LANGUAGE_STANDARD = gnu11;
				GCC_DYNAMIC_NO_PIC = NO;
				GCC_NO_COMMON_BLOCKS = YES;
				GCC_OPTIMIZATION_LEVEL = 0;
				GCC_PREPROCESSOR_DEFINITIONS = (
					"DEBUG=1",
					"$(inherited)",
				);
				GCC_WARN_64_TO_32_BIT_CONVERSION = YES;
				GCC_WARN_ABOUT_RETURN_TYPE = YES_ERROR;
				GCC_WARN_UNDECLARED_SELECTOR = YES;
				GCC_WARN_UNINITIALIZED_AUTOS = YES_AGGRESSIVE;
				GCC_WARN_UNUSED_FUNCTION = YES;
				GCC_WARN_UNUSED_VARIABLE = YES;
				IPHONEOS_DEPLOYMENT_TARGET = 11.4;
				MTL_ENABLE_DEBUG_INFO = YES;
				ONLY_ACTIVE_ARCH = YES;
				SDKROOT = iphoneos;
			};
			name = Debug;
		};
		943D993B2151088500810413 /* Release */ = {
			isa = XCBuildConfiguration;
			buildSettings = {
				ALWAYS_SEARCH_USER_PATHS = NO;
				CLANG_ANALYZER_NONNULL = YES;
				CLANG_ANALYZER_NUMBER_OBJECT_CONVERSION = YES_AGGRESSIVE;
				CLANG_CXX_LANGUAGE_STANDARD = "gnu++14";
				CLANG_CXX_LIBRARY = "libc++";
				CLANG_ENABLE_MODULES = YES;
				CLANG_ENABLE_OBJC_ARC = YES;
				CLANG_ENABLE_OBJC_WEAK = YES;
				CLANG_WARN_BLOCK_CAPTURE_AUTORELEASING = YES;
				CLANG_WARN_BOOL_CONVERSION = YES;
				CLANG_WARN_COMMA = YES;
				CLANG_WARN_CONSTANT_CONVERSION = YES;
				CLANG_WARN_DEPRECATED_OBJC_IMPLEMENTATIONS = YES;
				CLANG_WARN_DIRECT_OBJC_ISA_USAGE = YES_ERROR;
				CLANG_WARN_DOCUMENTATION_COMMENTS = YES;
				CLANG_WARN_EMPTY_BODY = YES;
				CLANG_WARN_ENUM_CONVERSION = YES;
				CLANG_WARN_INFINITE_RECURSION = YES;
				CLANG_WARN_INT_CONVERSION = YES;
				CLANG_WARN_NON_LITERAL_NULL_CONVERSION = YES;
				CLANG_WARN_OBJC_IMPLICIT_RETAIN_SELF = YES;
				CLANG_WARN_OBJC_LITERAL_CONVERSION = YES;
				CLANG_WARN_OBJC_ROOT_CLASS = YES_ERROR;
				CLANG_WARN_RANGE_LOOP_ANALYSIS = YES;
				CLANG_WARN_STRICT_PROTOTYPES = YES;
				CLANG_WARN_SUSPICIOUS_MOVE = YES;
				CLANG_WARN_UNGUARDED_AVAILABILITY = YES_AGGRESSIVE;
				CLANG_WARN_UNREACHABLE_CODE = YES;
				CLANG_WARN__DUPLICATE_METHOD_MATCH = YES;
				CODE_SIGN_IDENTITY = "iPhone Developer";
				COPY_PHASE_STRIP = NO;
				DEBUG_INFORMATION_FORMAT = "dwarf-with-dsym";
				ENABLE_NS_ASSERTIONS = NO;
				ENABLE_STRICT_OBJC_MSGSEND = YES;
				GCC_C_LANGUAGE_STANDARD = gnu11;
				GCC_NO_COMMON_BLOCKS = YES;
				GCC_WARN_64_TO_32_BIT_CONVERSION = YES;
				GCC_WARN_ABOUT_RETURN_TYPE = YES_ERROR;
				GCC_WARN_UNDECLARED_SELECTOR = YES;
				GCC_WARN_UNINITIALIZED_AUTOS = YES_AGGRESSIVE;
				GCC_WARN_UNUSED_FUNCTION = YES;
				GCC_WARN_UNUSED_VARIABLE = YES;
				IPHONEOS_DEPLOYMENT_TARGET = 11.4;
				MTL_ENABLE_DEBUG_INFO = NO;
				SDKROOT = iphoneos;
				VALIDATE_PRODUCT = YES;
			};
			name = Release;
		};
		943D993D2151088500810413 /* Debug */ = {
			isa = XCBuildConfiguration;
			buildSettings = {
				ASSETCATALOG_COMPILER_APPICON_NAME = AppIcon;
				CLANG_ENABLE_MODULES = YES;
				CODE_SIGN_STYLE = Automatic;
				DEVELOPMENT_TEAM = X37P9Q6XJN;
				INFOPLIST_FILE = "$(SRCROOT)/FindAirTickets/Environments/Info.plist";
				LD_RUNPATH_SEARCH_PATHS = (
					"$(inherited)",
					"@executable_path/Frameworks",
				);
				PRODUCT_BUNDLE_IDENTIFIER = ru.pricemin.FindAirTickets;
				PRODUCT_NAME = "$(TARGET_NAME)";
				SWIFT_OPTIMIZATION_LEVEL = "-Onone";
				SWIFT_VERSION = 3.0;
				TARGETED_DEVICE_FAMILY = "1,2";
			};
			name = Debug;
		};
		943D993E2151088500810413 /* Release */ = {
			isa = XCBuildConfiguration;
			buildSettings = {
				ASSETCATALOG_COMPILER_APPICON_NAME = AppIcon;
				CLANG_ENABLE_MODULES = YES;
				CODE_SIGN_STYLE = Automatic;
				DEVELOPMENT_TEAM = X37P9Q6XJN;
				INFOPLIST_FILE = "$(SRCROOT)/FindAirTickets/Environments/Info.plist";
				LD_RUNPATH_SEARCH_PATHS = (
					"$(inherited)",
					"@executable_path/Frameworks",
				);
				PRODUCT_BUNDLE_IDENTIFIER = ru.pricemin.FindAirTickets;
				PRODUCT_NAME = "$(TARGET_NAME)";
				SWIFT_VERSION = 3.0;
				TARGETED_DEVICE_FAMILY = "1,2";
			};
			name = Release;
		};
		943D99402151088500810413 /* Debug */ = {
			isa = XCBuildConfiguration;
			buildSettings = {
				BUNDLE_LOADER = "$(TEST_HOST)";
				CODE_SIGN_STYLE = Automatic;
				DEVELOPMENT_TEAM = X37P9Q6XJN;
				INFOPLIST_FILE = FindAirTicketsTests/Info.plist;
				LD_RUNPATH_SEARCH_PATHS = (
					"$(inherited)",
					"@executable_path/Frameworks",
					"@loader_path/Frameworks",
				);
				PRODUCT_BUNDLE_IDENTIFIER = ru.pricemin.FindAirTicketsTests;
				PRODUCT_NAME = "$(TARGET_NAME)";
				TARGETED_DEVICE_FAMILY = "1,2";
				TEST_HOST = "$(BUILT_PRODUCTS_DIR)/FindAirTickets.app/FindAirTickets";
			};
			name = Debug;
		};
		943D99412151088500810413 /* Release */ = {
			isa = XCBuildConfiguration;
			buildSettings = {
				BUNDLE_LOADER = "$(TEST_HOST)";
				CODE_SIGN_STYLE = Automatic;
				DEVELOPMENT_TEAM = X37P9Q6XJN;
				INFOPLIST_FILE = FindAirTicketsTests/Info.plist;
				LD_RUNPATH_SEARCH_PATHS = (
					"$(inherited)",
					"@executable_path/Frameworks",
					"@loader_path/Frameworks",
				);
				PRODUCT_BUNDLE_IDENTIFIER = ru.pricemin.FindAirTicketsTests;
				PRODUCT_NAME = "$(TARGET_NAME)";
				TARGETED_DEVICE_FAMILY = "1,2";
				TEST_HOST = "$(BUILT_PRODUCTS_DIR)/FindAirTickets.app/FindAirTickets";
			};
			name = Release;
		};
/* End XCBuildConfiguration section */

/* Begin XCConfigurationList section */
		943D99162151088300810413 /* Build configuration list for PBXProject "FindAirTickets" */ = {
			isa = XCConfigurationList;
			buildConfigurations = (
				943D993A2151088500810413 /* Debug */,
				943D993B2151088500810413 /* Release */,
			);
			defaultConfigurationIsVisible = 0;
			defaultConfigurationName = Release;
		};
		943D993C2151088500810413 /* Build configuration list for PBXNativeTarget "FindAirTickets" */ = {
			isa = XCConfigurationList;
			buildConfigurations = (
				943D993D2151088500810413 /* Debug */,
				943D993E2151088500810413 /* Release */,
			);
			defaultConfigurationIsVisible = 0;
			defaultConfigurationName = Release;
		};
		943D993F2151088500810413 /* Build configuration list for PBXNativeTarget "FindAirTicketsTests" */ = {
			isa = XCConfigurationList;
			buildConfigurations = (
				943D99402151088500810413 /* Debug */,
				943D99412151088500810413 /* Release */,
			);
			defaultConfigurationIsVisible = 0;
			defaultConfigurationName = Release;
		};
/* End XCConfigurationList section */
	};
	rootObject = 943D99132151088300810413 /* Project object */;
}
